
Microsoft Visual Studio Solution File, Format Version 12.00
# Visual Studio 14
VisualStudioVersion = 14.0.25420.1
MinimumVisualStudioVersion = 10.0.40219.1
Project("{FAE04EC0-301F-11D3-BF4B-00C04F79EFBC}") = "Eos.Osc", "Eos.Osc\Eos.Osc.csproj", "{26883F7E-DCDA-4B84-B7C0-AA0298EBEFA6}"
EndProject
Project("{FAE04EC0-301F-11D3-BF4B-00C04F79EFBC}") = "Eos.Osc.Test", "Eos.Osc.Test\Eos.Osc.Test.csproj", "{7B4D52E0-F7D7-4A57-8881-9F74A8BB6BA6}"
EndProject
Global
	GlobalSection(SolutionConfigurationPlatforms) = preSolution
		Debug|Any CPU = Debug|Any CPU
		Release|Any CPU = Release|Any CPU
	EndGlobalSection
	GlobalSection(ProjectConfigurationPlatforms) = postSolution
		{26883F7E-DCDA-4B84-B7C0-AA0298EBEFA6}.Debug|Any CPU.ActiveCfg = Debug|Any CPU
		{26883F7E-DCDA-4B84-B7C0-AA0298EBEFA6}.Debug|Any CPU.Build.0 = Debug|Any CPU
		{26883F7E-DCDA-4B84-B7C0-AA0298EBEFA6}.Release|Any CPU.ActiveCfg = Release|Any CPU
		{26883F7E-DCDA-4B84-B7C0-AA0298EBEFA6}.Release|Any CPU.Build.0 = Release|Any CPU
		{7B4D52E0-F7D7-4A57-8881-9F74A8BB6BA6}.Debug|Any CPU.ActiveCfg = Debug|Any CPU
		{7B4D52E0-F7D7-4A57-8881-9F74A8BB6BA6}.Debug|Any CPU.Build.0 = Debug|Any CPU
		{7B4D52E0-F7D7-4A57-8881-9F74A8BB6BA6}.Release|Any CPU.ActiveCfg = Release|Any CPU
		{7B4D52E0-F7D7-4A57-8881-9F74A8BB6BA6}.Release|Any CPU.Build.0 = Release|Any CPU
	EndGlobalSection
	GlobalSection(SolutionProperties) = preSolution
		HideSolutionNode = FALSE
	EndGlobalSection
EndGlobal
